// !$*UTF8*$!
{
	archiveVersion = 1;
	classes = {
	};
	objectVersion = 55;
	objects = {

/* Begin PBXBuildFile section */
		1C0A06A527B7F62600A43691 /* Model.swift in Sources */ = {isa = PBXBuildFile; fileRef = 1C0A06A427B7F62600A43691 /* Model.swift */; };
		1C0A06AF27B7FE2B00A43691 /* LikedFilmCell.swift in Sources */ = {isa = PBXBuildFile; fileRef = 1C0A06AD27B7FE2B00A43691 /* LikedFilmCell.swift */; };
		1C0A06B027B7FE2B00A43691 /* LikedFilmCell.xib in Resources */ = {isa = PBXBuildFile; fileRef = 1C0A06AE27B7FE2B00A43691 /* LikedFilmCell.xib */; };
		1C21F64D27B9769E0021FCC6 /* RealmSwift in Frameworks */ = {isa = PBXBuildFile; productRef = 1C21F64C27B9769E0021FCC6 /* RealmSwift */; };
		1C21F64F27B978200021FCC6 /* FilmObject.swift in Sources */ = {isa = PBXBuildFile; fileRef = 1C21F64E27B9781F0021FCC6 /* FilmObject.swift */; };
		1C35C4BD278DDA2D00F93058 /* FilmCell.xib in Resources */ = {isa = PBXBuildFile; fileRef = 1C35C4BC278DDA2D00F93058 /* FilmCell.xib */; };
		1C35C4BF278DEB9700F93058 /* PosterFullViewController.swift in Sources */ = {isa = PBXBuildFile; fileRef = 1C35C4BE278DEB9700F93058 /* PosterFullViewController.swift */; };
		1C35C4C1279C741C00F93058 /* RoundingTransition.swift in Sources */ = {isa = PBXBuildFile; fileRef = 1C35C4C0279C741C00F93058 /* RoundingTransition.swift */; };
		1C5DAA66276A661600F5660A /* AppDelegate.swift in Sources */ = {isa = PBXBuildFile; fileRef = 1C5DAA65276A661600F5660A /* AppDelegate.swift */; };
		1C5DAA68276A661600F5660A /* SceneDelegate.swift in Sources */ = {isa = PBXBuildFile; fileRef = 1C5DAA67276A661600F5660A /* SceneDelegate.swift */; };
		1C5DAA6A276A661600F5660A /* MainViewController.swift in Sources */ = {isa = PBXBuildFile; fileRef = 1C5DAA69276A661600F5660A /* MainViewController.swift */; };
		1C5DAA6D276A661600F5660A /* Main.storyboard in Resources */ = {isa = PBXBuildFile; fileRef = 1C5DAA6B276A661600F5660A /* Main.storyboard */; };
		1C5DAA6F276A661700F5660A /* Assets.xcassets in Resources */ = {isa = PBXBuildFile; fileRef = 1C5DAA6E276A661700F5660A /* Assets.xcassets */; };
		1C5DAA72276A661700F5660A /* LaunchScreen.storyboard in Resources */ = {isa = PBXBuildFile; fileRef = 1C5DAA70276A661700F5660A /* LaunchScreen.storyboard */; };
		1C5DAA7A276A687600F5660A /* DetailFilmViewController.swift in Sources */ = {isa = PBXBuildFile; fileRef = 1C5DAA79276A687600F5660A /* DetailFilmViewController.swift */; };
		1C5DAA7C276A688C00F5660A /* FilmPicsViewController.swift in Sources */ = {isa = PBXBuildFile; fileRef = 1C5DAA7B276A688C00F5660A /* FilmPicsViewController.swift */; };
		1C5DAA7E276A689E00F5660A /* FullPicViewController.swift in Sources */ = {isa = PBXBuildFile; fileRef = 1C5DAA7D276A689E00F5660A /* FullPicViewController.swift */; };
		1C5DAA80276A68B400F5660A /* FavoriteFilmsViewController.swift in Sources */ = {isa = PBXBuildFile; fileRef = 1C5DAA7F276A68B400F5660A /* FavoriteFilmsViewController.swift */; };
		1C5DAA84276A6B6F00F5660A /* JSONModel.swift in Sources */ = {isa = PBXBuildFile; fileRef = 1C5DAA83276A6B6F00F5660A /* JSONModel.swift */; };
		1C5DAA87276A71B200F5660A /* FilmCell.swift in Sources */ = {isa = PBXBuildFile; fileRef = 1C5DAA86276A71B200F5660A /* FilmCell.swift */; };
/* End PBXBuildFile section */

/* Begin PBXFileReference section */
		1C0A06A427B7F62600A43691 /* Model.swift */ = {isa = PBXFileReference; lastKnownFileType = sourcecode.swift; path = Model.swift; sourceTree = "<group>"; };
		1C0A06AD27B7FE2B00A43691 /* LikedFilmCell.swift */ = {isa = PBXFileReference; lastKnownFileType = sourcecode.swift; path = LikedFilmCell.swift; sourceTree = "<group>"; };
		1C0A06AE27B7FE2B00A43691 /* LikedFilmCell.xib */ = {isa = PBXFileReference; lastKnownFileType = file.xib; path = LikedFilmCell.xib; sourceTree = "<group>"; };
		1C21F64E27B9781F0021FCC6 /* FilmObject.swift */ = {isa = PBXFileReference; lastKnownFileType = sourcecode.swift; path = FilmObject.swift; sourceTree = "<group>"; };
		1C35C4BC278DDA2D00F93058 /* FilmCell.xib */ = {isa = PBXFileReference; lastKnownFileType = file.xib; path = FilmCell.xib; sourceTree = "<group>"; };
		1C35C4BE278DEB9700F93058 /* PosterFullViewController.swift */ = {isa = PBXFileReference; lastKnownFileType = sourcecode.swift; path = PosterFullViewController.swift; sourceTree = "<group>"; };
		1C35C4C0279C741C00F93058 /* RoundingTransition.swift */ = {isa = PBXFileReference; lastKnownFileType = sourcecode.swift; path = RoundingTransition.swift; sourceTree = "<group>"; };
		1C5DAA62276A661600F5660A /* FilmsApp.app */ = {isa = PBXFileReference; explicitFileType = wrapper.application; includeInIndex = 0; path = FilmsApp.app; sourceTree = BUILT_PRODUCTS_DIR; };
		1C5DAA65276A661600F5660A /* AppDelegate.swift */ = {isa = PBXFileReference; lastKnownFileType = sourcecode.swift; path = AppDelegate.swift; sourceTree = "<group>"; };
		1C5DAA67276A661600F5660A /* SceneDelegate.swift */ = {isa = PBXFileReference; lastKnownFileType = sourcecode.swift; path = SceneDelegate.swift; sourceTree = "<group>"; };
		1C5DAA69276A661600F5660A /* MainViewController.swift */ = {isa = PBXFileReference; lastKnownFileType = sourcecode.swift; path = MainViewController.swift; sourceTree = "<group>"; };
		1C5DAA6C276A661600F5660A /* Base */ = {isa = PBXFileReference; lastKnownFileType = file.storyboard; name = Base; path = Base.lproj/Main.storyboard; sourceTree = "<group>"; };
		1C5DAA6E276A661700F5660A /* Assets.xcassets */ = {isa = PBXFileReference; lastKnownFileType = folder.assetcatalog; path = Assets.xcassets; sourceTree = "<group>"; };
		1C5DAA71276A661700F5660A /* Base */ = {isa = PBXFileReference; lastKnownFileType = file.storyboard; name = Base; path = Base.lproj/LaunchScreen.storyboard; sourceTree = "<group>"; };
		1C5DAA73276A661700F5660A /* Info.plist */ = {isa = PBXFileReference; lastKnownFileType = text.plist.xml; path = Info.plist; sourceTree = "<group>"; };
		1C5DAA79276A687600F5660A /* DetailFilmViewController.swift */ = {isa = PBXFileReference; lastKnownFileType = sourcecode.swift; path = DetailFilmViewController.swift; sourceTree = "<group>"; };
		1C5DAA7B276A688C00F5660A /* FilmPicsViewController.swift */ = {isa = PBXFileReference; lastKnownFileType = sourcecode.swift; path = FilmPicsViewController.swift; sourceTree = "<group>"; };
		1C5DAA7D276A689E00F5660A /* FullPicViewController.swift */ = {isa = PBXFileReference; lastKnownFileType = sourcecode.swift; path = FullPicViewController.swift; sourceTree = "<group>"; };
		1C5DAA7F276A68B400F5660A /* FavoriteFilmsViewController.swift */ = {isa = PBXFileReference; lastKnownFileType = sourcecode.swift; path = FavoriteFilmsViewController.swift; sourceTree = "<group>"; };
		1C5DAA83276A6B6F00F5660A /* JSONModel.swift */ = {isa = PBXFileReference; lastKnownFileType = sourcecode.swift; path = JSONModel.swift; sourceTree = "<group>"; };
		1C5DAA86276A71B200F5660A /* FilmCell.swift */ = {isa = PBXFileReference; lastKnownFileType = sourcecode.swift; path = FilmCell.swift; sourceTree = "<group>"; };
/* End PBXFileReference section */

/* Begin PBXFrameworksBuildPhase section */
		1C5DAA5F276A661600F5660A /* Frameworks */ = {
			isa = PBXFrameworksBuildPhase;
			buildActionMask = 2147483647;
			files = (
				1C21F64D27B9769E0021FCC6 /* RealmSwift in Frameworks */,
			);
			runOnlyForDeploymentPostprocessing = 0;
		};
/* End PBXFrameworksBuildPhase section */

/* Begin PBXGroup section */
		1C0A06A927B7F72F00A43691 /* Controller */ = {
			isa = PBXGroup;
			children = (
				1C5DAA7B276A688C00F5660A /* FilmPicsViewController.swift */,
				1C5DAA7D276A689E00F5660A /* FullPicViewController.swift */,
				1C5DAA7F276A68B400F5660A /* FavoriteFilmsViewController.swift */,
				1C5DAA69276A661600F5660A /* MainViewController.swift */,
				1C5DAA79276A687600F5660A /* DetailFilmViewController.swift */,
				1C35C4BE278DEB9700F93058 /* PosterFullViewController.swift */,
			);
			path = Controller;
			sourceTree = "<group>";
		};
		1C0A06AA27B7F72F00A43691 /* Support */ = {
			isa = PBXGroup;
			children = (
				1C5DAA6E276A661700F5660A /* Assets.xcassets */,
				1C5DAA67276A661600F5660A /* SceneDelegate.swift */,
				1C5DAA65276A661600F5660A /* AppDelegate.swift */,
				1C5DAA70276A661700F5660A /* LaunchScreen.storyboard */,
			);
			path = Support;
			sourceTree = "<group>";
		};
		1C5DAA59276A661600F5660A = {
			isa = PBXGroup;
			children = (
				1C5DAA64276A661600F5660A /* FilmsApp */,
				1C5DAA63276A661600F5660A /* Products */,
			);
			sourceTree = "<group>";
		};
		1C5DAA63276A661600F5660A /* Products */ = {
			isa = PBXGroup;
			children = (
				1C5DAA62276A661600F5660A /* FilmsApp.app */,
			);
			name = Products;
			sourceTree = "<group>";
		};
		1C5DAA64276A661600F5660A /* FilmsApp */ = {
			isa = PBXGroup;
			children = (
				1C5DAA82276A6B5400F5660A /* Model */,
				1C0A06A927B7F72F00A43691 /* Controller */,
				1C0A06AA27B7F72F00A43691 /* Support */,
				1C5DAA81276A691500F5660A /* Views */,
				1C5DAA73276A661700F5660A /* Info.plist */,
			);
			path = FilmsApp;
			sourceTree = "<group>";
		};
		1C5DAA81276A691500F5660A /* Views */ = {
			isa = PBXGroup;
			children = (
				1C5DAA6B276A661600F5660A /* Main.storyboard */,
				1C35C4BC278DDA2D00F93058 /* FilmCell.xib */,
				1C0A06AE27B7FE2B00A43691 /* LikedFilmCell.xib */,
				1C35C4C0279C741C00F93058 /* RoundingTransition.swift */,
			);
			path = Views;
			sourceTree = "<group>";
		};
		1C5DAA82276A6B5400F5660A /* Model */ = {
			isa = PBXGroup;
			children = (
				1C5DAA83276A6B6F00F5660A /* JSONModel.swift */,
				1C0A06A427B7F62600A43691 /* Model.swift */,
				1C5DAA86276A71B200F5660A /* FilmCell.swift */,
				1C0A06AD27B7FE2B00A43691 /* LikedFilmCell.swift */,
				1C21F64E27B9781F0021FCC6 /* FilmObject.swift */,
			);
			path = Model;
			sourceTree = "<group>";
		};
/* End PBXGroup section */

/* Begin PBXNativeTarget section */
		1C5DAA61276A661600F5660A /* FilmsApp */ = {
			isa = PBXNativeTarget;
			buildConfigurationList = 1C5DAA76276A661700F5660A /* Build configuration list for PBXNativeTarget "FilmsApp" */;
			buildPhases = (
				1C5DAA5E276A661600F5660A /* Sources */,
				1C5DAA5F276A661600F5660A /* Frameworks */,
				1C5DAA60276A661600F5660A /* Resources */,
			);
			buildRules = (
			);
			dependencies = (
			);
			name = FilmsApp;
			packageProductDependencies = (
				1C21F64C27B9769E0021FCC6 /* RealmSwift */,
			);
			productName = FilmsApp;
			productReference = 1C5DAA62276A661600F5660A /* FilmsApp.app */;
			productType = "com.apple.product-type.application";
		};
/* End PBXNativeTarget section */

/* Begin PBXProject section */
		1C5DAA5A276A661600F5660A /* Project object */ = {
			isa = PBXProject;
			attributes = {
				BuildIndependentTargetsInParallel = 1;
				LastSwiftUpdateCheck = 1320;
				LastUpgradeCheck = 1320;
				TargetAttributes = {
					1C5DAA61276A661600F5660A = {
						CreatedOnToolsVersion = 13.2;
					};
				};
			};
			buildConfigurationList = 1C5DAA5D276A661600F5660A /* Build configuration list for PBXProject "FilmsApp" */;
			compatibilityVersion = "Xcode 13.0";
			developmentRegion = en;
			hasScannedForEncodings = 0;
			knownRegions = (
				en,
				Base,
			);
			mainGroup = 1C5DAA59276A661600F5660A;
			packageReferences = (
				1C21F64B27B9769E0021FCC6 /* XCRemoteSwiftPackageReference "realm-swift" */,
			);
			productRefGroup = 1C5DAA63276A661600F5660A /* Products */;
			projectDirPath = "";
			projectRoot = "";
			targets = (
				1C5DAA61276A661600F5660A /* FilmsApp */,
			);
		};
/* End PBXProject section */

/* Begin PBXResourcesBuildPhase section */
		1C5DAA60276A661600F5660A /* Resources */ = {
			isa = PBXResourcesBuildPhase;
			buildActionMask = 2147483647;
			files = (
				1C5DAA72276A661700F5660A /* LaunchScreen.storyboard in Resources */,
				1C35C4BD278DDA2D00F93058 /* FilmCell.xib in Resources */,
				1C0A06B027B7FE2B00A43691 /* LikedFilmCell.xib in Resources */,
				1C5DAA6F276A661700F5660A /* Assets.xcassets in Resources */,
				1C5DAA6D276A661600F5660A /* Main.storyboard in Resources */,
			);
			runOnlyForDeploymentPostprocessing = 0;
		};
/* End PBXResourcesBuildPhase section */

/* Begin PBXSourcesBuildPhase section */
		1C5DAA5E276A661600F5660A /* Sources */ = {
			isa = PBXSourcesBuildPhase;
			buildActionMask = 2147483647;
			files = (
				1C35C4C1279C741C00F93058 /* RoundingTransition.swift in Sources */,
				1C5DAA80276A68B400F5660A /* FavoriteFilmsViewController.swift in Sources */,
				1C5DAA7E276A689E00F5660A /* FullPicViewController.swift in Sources */,
				1C0A06A527B7F62600A43691 /* Model.swift in Sources */,
				1C5DAA87276A71B200F5660A /* FilmCell.swift in Sources */,
				1C5DAA6A276A661600F5660A /* MainViewController.swift in Sources */,
				1C5DAA66276A661600F5660A /* AppDelegate.swift in Sources */,
				1C5DAA68276A661600F5660A /* SceneDelegate.swift in Sources */,
				1C21F64F27B978200021FCC6 /* FilmObject.swift in Sources */,
				1C35C4BF278DEB9700F93058 /* PosterFullViewController.swift in Sources */,
				1C0A06AF27B7FE2B00A43691 /* LikedFilmCell.swift in Sources */,
				1C5DAA84276A6B6F00F5660A /* JSONModel.swift in Sources */,
				1C5DAA7C276A688C00F5660A /* FilmPicsViewController.swift in Sources */,
				1C5DAA7A276A687600F5660A /* DetailFilmViewController.swift in Sources */,
			);
			runOnlyForDeploymentPostprocessing = 0;
		};
/* End PBXSourcesBuildPhase section */

/* Begin PBXVariantGroup section */
		1C5DAA6B276A661600F5660A /* Main.storyboard */ = {
			isa = PBXVariantGroup;
			children = (
				1C5DAA6C276A661600F5660A /* Base */,
			);
			name = Main.storyboard;
			sourceTree = "<group>";
		};
		1C5DAA70276A661700F5660A /* LaunchScreen.storyboard */ = {
			isa = PBXVariantGroup;
			children = (
				1C5DAA71276A661700F5660A /* Base */,
			);
			name = LaunchScreen.storyboard;
			sourceTree = "<group>";
		};
/* End PBXVariantGroup section */

/* Begin XCBuildConfiguration section */
		1C5DAA74276A661700F5660A /* Debug */ = {
			isa = XCBuildConfiguration;
			buildSettings = {
				ALWAYS_SEARCH_USER_PATHS = NO;
				CLANG_ANALYZER_NONNULL = YES;
				CLANG_ANALYZER_NUMBER_OBJECT_CONVERSION = YES_AGGRESSIVE;
				CLANG_CXX_LANGUAGE_STANDARD = "gnu++17";
				CLANG_CXX_LIBRARY = "libc++";
				CLANG_ENABLE_MODULES = YES;
				CLANG_ENABLE_OBJC_ARC = YES;
				CLANG_ENABLE_OBJC_WEAK = YES;
				CLANG_WARN_BLOCK_CAPTURE_AUTORELEASING = YES;
				CLANG_WARN_BOOL_CONVERSION = YES;
				CLANG_WARN_COMMA = YES;
				CLANG_WARN_CONSTANT_CONVERSION = YES;
				CLANG_WARN_DEPRECATED_OBJC_IMPLEMENTATIONS = YES;
				CLANG_WARN_DIRECT_OBJC_ISA_USAGE = YES_ERROR;
				CLANG_WARN_DOCUMENTATION_COMMENTS = YES;
				CLANG_WARN_EMPTY_BODY = YES;
				CLANG_WARN_ENUM_CONVERSION = YES;
				CLANG_WARN_INFINITE_RECURSION = YES;
				CLANG_WARN_INT_CONVERSION = YES;
				CLANG_WARN_NON_LITERAL_NULL_CONVERSION = YES;
				CLANG_WARN_OBJC_IMPLICIT_RETAIN_SELF = YES;
				CLANG_WARN_OBJC_LITERAL_CONVERSION = YES;
				CLANG_WARN_OBJC_ROOT_CLASS = YES_ERROR;
				CLANG_WARN_QUOTED_INCLUDE_IN_FRAMEWORK_HEADER = YES;
				CLANG_WARN_RANGE_LOOP_ANALYSIS = YES;
				CLANG_WARN_STRICT_PROTOTYPES = YES;
				CLANG_WARN_SUSPICIOUS_MOVE = YES;
				CLANG_WARN_UNGUARDED_AVAILABILITY = YES_AGGRESSIVE;
				CLANG_WARN_UNREACHABLE_CODE = YES;
				CLANG_WARN__DUPLICATE_METHOD_MATCH = YES;
				COPY_PHASE_STRIP = NO;
				DEBUG_INFORMATION_FORMAT = dwarf;
				ENABLE_STRICT_OBJC_MSGSEND = YES;
				ENABLE_TESTABILITY = YES;
				GCC_C_LANGUAGE_STANDARD = gnu11;
				GCC_DYNAMIC_NO_PIC = NO;
				GCC_NO_COMMON_BLOCKS = YES;
				GCC_OPTIMIZATION_LEVEL = 0;
				GCC_PREPROCESSOR_DEFINITIONS = (
					"DEBUG=1",
					"$(inherited)",
				);
				GCC_WARN_64_TO_32_BIT_CONVERSION = YES;
				GCC_WARN_ABOUT_RETURN_TYPE = YES_ERROR;
				GCC_WARN_UNDECLARED_SELECTOR = YES;
				GCC_WARN_UNINITIALIZED_AUTOS = YES_AGGRESSIVE;
				GCC_WARN_UNUSED_FUNCTION = YES;
				GCC_WARN_UNUSED_VARIABLE = YES;
				IPHONEOS_DEPLOYMENT_TARGET = 15.2;
				MTL_ENABLE_DEBUG_INFO = INCLUDE_SOURCE;
				MTL_FAST_MATH = YES;
				ONLY_ACTIVE_ARCH = YES;
				SDKROOT = iphoneos;
				SWIFT_ACTIVE_COMPILATION_CONDITIONS = DEBUG;
				SWIFT_OPTIMIZATION_LEVEL = "-Onone";
			};
			name = Debug;
		};
		1C5DAA75276A661700F5660A /* Release */ = {
			isa = XCBuildConfiguration;
			buildSettings = {
				ALWAYS_SEARCH_USER_PATHS = NO;
				CLANG_ANALYZER_NONNULL = YES;
				CLANG_ANALYZER_NUMBER_OBJECT_CONVERSION = YES_AGGRESSIVE;
				CLANG_CXX_LANGUAGE_STANDARD = "gnu++17";
				CLANG_CXX_LIBRARY = "libc++";
				CLANG_ENABLE_MODULES = YES;
				CLANG_ENABLE_OBJC_ARC = YES;
				CLANG_ENABLE_OBJC_WEAK = YES;
				CLANG_WARN_BLOCK_CAPTURE_AUTORELEASING = YES;
				CLANG_WARN_BOOL_CONVERSION = YES;
				CLANG_WARN_COMMA = YES;
				CLANG_WARN_CONSTANT_CONVERSION = YES;
				CLANG_WARN_DEPRECATED_OBJC_IMPLEMENTATIONS = YES;
				CLANG_WARN_DIRECT_OBJC_ISA_USAGE = YES_ERROR;
				CLANG_WARN_DOCUMENTATION_COMMENTS = YES;
				CLANG_WARN_EMPTY_BODY = YES;
				CLANG_WARN_ENUM_CONVERSION = YES;
				CLANG_WARN_INFINITE_RECURSION = YES;
				CLANG_WARN_INT_CONVERSION = YES;
				CLANG_WARN_NON_LITERAL_NULL_CONVERSION = YES;
				CLANG_WARN_OBJC_IMPLICIT_RETAIN_SELF = YES;
				CLANG_WARN_OBJC_LITERAL_CONVERSION = YES;
				CLANG_WARN_OBJC_ROOT_CLASS = YES_ERROR;
				CLANG_WARN_QUOTED_INCLUDE_IN_FRAMEWORK_HEADER = YES;
				CLANG_WARN_RANGE_LOOP_ANALYSIS = YES;
				CLANG_WARN_STRICT_PROTOTYPES = YES;
				CLANG_WARN_SUSPICIOUS_MOVE = YES;
				CLANG_WARN_UNGUARDED_AVAILABILITY = YES_AGGRESSIVE;
				CLANG_WARN_UNREACHABLE_CODE = YES;
				CLANG_WARN__DUPLICATE_METHOD_MATCH = YES;
				COPY_PHASE_STRIP = NO;
				DEBUG_INFORMATION_FORMAT = "dwarf-with-dsym";
				ENABLE_NS_ASSERTIONS = NO;
				ENABLE_STRICT_OBJC_MSGSEND = YES;
				GCC_C_LANGUAGE_STANDARD = gnu11;
				GCC_NO_COMMON_BLOCKS = YES;
				GCC_WARN_64_TO_32_BIT_CONVERSION = YES;
				GCC_WARN_ABOUT_RETURN_TYPE = YES_ERROR;
				GCC_WARN_UNDECLARED_SELECTOR = YES;
				GCC_WARN_UNINITIALIZED_AUTOS = YES_AGGRESSIVE;
				GCC_WARN_UNUSED_FUNCTION = YES;
				GCC_WARN_UNUSED_VARIABLE = YES;
				IPHONEOS_DEPLOYMENT_TARGET = 15.2;
				MTL_ENABLE_DEBUG_INFO = NO;
				MTL_FAST_MATH = YES;
				SDKROOT = iphoneos;
				SWIFT_COMPILATION_MODE = wholemodule;
				SWIFT_OPTIMIZATION_LEVEL = "-O";
				VALIDATE_PRODUCT = YES;
			};
			name = Release;
		};
		1C5DAA77276A661700F5660A /* Debug */ = {
			isa = XCBuildConfiguration;
			buildSettings = {
				ASSETCATALOG_COMPILER_APPICON_NAME = AppIcon;
				ASSETCATALOG_COMPILER_GLOBAL_ACCENT_COLOR_NAME = AccentColor;
				CODE_SIGN_STYLE = Automatic;
				CURRENT_PROJECT_VERSION = 1;
				DEVELOPMENT_TEAM = 2FDAG7G85F;
				GENERATE_INFOPLIST_FILE = YES;
				INFOPLIST_FILE = FilmsApp/Info.plist;
				INFOPLIST_KEY_UIApplicationSupportsIndirectInputEvents = YES;
				INFOPLIST_KEY_UILaunchStoryboardName = LaunchScreen;
				INFOPLIST_KEY_UIMainStoryboardFile = Main;
				INFOPLIST_KEY_UISupportedInterfaceOrientations = UIInterfaceOrientationPortrait;
				INFOPLIST_KEY_UISupportedInterfaceOrientations_iPad = "UIInterfaceOrientationPortrait UIInterfaceOrientationPortraitUpsideDown UIInterfaceOrientationLandscapeLeft UIInterfaceOrientationLandscapeRight";
				INFOPLIST_KEY_UISupportedInterfaceOrientations_iPhone = "UIInterfaceOrientationPortrait UIInterfaceOrientationLandscapeLeft UIInterfaceOrientationLandscapeRight";
				LD_RUNPATH_SEARCH_PATHS = (
					"$(inherited)",
					"@executable_path/Frameworks",
				);
				MARKETING_VERSION = 1.0;
				PRODUCT_BUNDLE_IDENTIFIER = WhatElse.FilmsApp;
				PRODUCT_NAME = "$(TARGET_NAME)";
				SWIFT_EMIT_LOC_STRINGS = YES;
				SWIFT_VERSION = 5.0;
				TARGETED_DEVICE_FAMILY = "1,2";
			};
			name = Debug;
		};
		1C5DAA78276A661700F5660A /* Release */ = {
			isa = XCBuildConfiguration;
			buildSettings = {
				ASSETCATALOG_COMPILER_APPICON_NAME = AppIcon;
				ASSETCATALOG_COMPILER_GLOBAL_ACCENT_COLOR_NAME = AccentColor;
				CODE_SIGN_STYLE = Automatic;
				CURRENT_PROJECT_VERSION = 1;
				DEVELOPMENT_TEAM = 2FDAG7G85F;
				GENERATE_INFOPLIST_FILE = YES;
				INFOPLIST_FILE = FilmsApp/Info.plist;
				INFOPLIST_KEY_UIApplicationSupportsIndirectInputEvents = YES;
				INFOPLIST_KEY_UILaunchStoryboardName = LaunchScreen;
				INFOPLIST_KEY_UIMainStoryboardFile = Main;
				INFOPLIST_KEY_UISupportedInterfaceOrientations = UIInterfaceOrientationPortrait;
				INFOPLIST_KEY_UISupportedInterfaceOrientations_iPad = "UIInterfaceOrientationPortrait UIInterfaceOrientationPortraitUpsideDown UIInterfaceOrientationLandscapeLeft UIInterfaceOrientationLandscapeRight";
				INFOPLIST_KEY_UISupportedInterfaceOrientations_iPhone = "UIInterfaceOrientationPortrait UIInterfaceOrientationLandscapeLeft UIInterfaceOrientationLandscapeRight";
				LD_RUNPATH_SEARCH_PATHS = (
					"$(inherited)",
					"@executable_path/Frameworks",
				);
				MARKETING_VERSION = 1.0;
				PRODUCT_BUNDLE_IDENTIFIER = WhatElse.FilmsApp;
				PRODUCT_NAME = "$(TARGET_NAME)";
				SWIFT_EMIT_LOC_STRINGS = YES;
				SWIFT_VERSION = 5.0;
				TARGETED_DEVICE_FAMILY = "1,2";
			};
			name = Release;
		};
/* End XCBuildConfiguration section */

/* Begin XCConfigurationList section */
		1C5DAA5D276A661600F5660A /* Build configuration list for PBXProject "FilmsApp" */ = {
			isa = XCConfigurationList;
			buildConfigurations = (
				1C5DAA74276A661700F5660A /* Debug */,
				1C5DAA75276A661700F5660A /* Release */,
			);
			defaultConfigurationIsVisible = 0;
			defaultConfigurationName = Release;
		};
		1C5DAA76276A661700F5660A /* Build configuration list for PBXNativeTarget "FilmsApp" */ = {
			isa = XCConfigurationList;
			buildConfigurations = (
				1C5DAA77276A661700F5660A /* Debug */,
				1C5DAA78276A661700F5660A /* Release */,
			);
			defaultConfigurationIsVisible = 0;
			defaultConfigurationName = Release;
		};
/* End XCConfigurationList section */

/* Begin XCRemoteSwiftPackageReference section */
		1C21F64B27B9769E0021FCC6 /* XCRemoteSwiftPackageReference "realm-swift" */ = {
			isa = XCRemoteSwiftPackageReference;
			repositoryURL = "https://github.com/realm/realm-swift";
			requirement = {
				branch = master;
				kind = branch;
			};
		};
/* End XCRemoteSwiftPackageReference section */

/* Begin XCSwiftPackageProductDependency section */
		1C21F64C27B9769E0021FCC6 /* RealmSwift */ = {
			isa = XCSwiftPackageProductDependency;
			package = 1C21F64B27B9769E0021FCC6 /* XCRemoteSwiftPackageReference "realm-swift" */;
			productName = RealmSwift;
		};
/* End XCSwiftPackageProductDependency section */
	};
	rootObject = 1C5DAA5A276A661600F5660A /* Project object */;
}
